
Microsoft Visual Studio Solution File, Format Version 12.00
# Visual Studio Version 16
VisualStudioVersion = 16.0.31025.194
MinimumVisualStudioVersion = 10.0.40219.1
Project("{FAE04EC0-301F-11D3-BF4B-00C04F79EFBC}") = "Api", "Api\Api.csproj", "{F6D2120C-0964-437A-9A4D-2AB9DA0165F6}"
EndProject
Project("{FAE04EC0-301F-11D3-BF4B-00C04F79EFBC}") = "Client", "Client\Client.csproj", "{5C20AE9B-82DE-4F61-B5E2-EB8482DC1B8F}"
EndProject
Global
	GlobalSection(SolutionConfigurationPlatforms) = preSolution
		Debug|Any CPU = Debug|Any CPU
		Release|Any CPU = Release|Any CPU
	EndGlobalSection
	GlobalSection(ProjectConfigurationPlatforms) = postSolution
		{F6D2120C-0964-437A-9A4D-2AB9DA0165F6}.Debug|Any CPU.ActiveCfg = Debug|Any CPU
		{F6D2120C-0964-437A-9A4D-2AB9DA0165F6}.Debug|Any CPU.Build.0 = Debug|Any CPU
		{F6D2120C-0964-437A-9A4D-2AB9DA0165F6}.Release|Any CPU.ActiveCfg = Release|Any CPU
		{F6D2120C-0964-437A-9A4D-2AB9DA0165F6}.Release|Any CPU.Build.0 = Release|Any CPU
		{5C20AE9B-82DE-4F61-B5E2-EB8482DC1B8F}.Debug|Any CPU.ActiveCfg = Debug|Any CPU
		{5C20AE9B-82DE-4F61-B5E2-EB8482DC1B8F}.Debug|Any CPU.Build.0 = Debug|Any CPU
		{5C20AE9B-82DE-4F61-B5E2-EB8482DC1B8F}.Release|Any CPU.ActiveCfg = Release|Any CPU
		{5C20AE9B-82DE-4F61-B5E2-EB8482DC1B8F}.Release|Any CPU.Build.0 = Release|Any CPU
	EndGlobalSection
	GlobalSection(SolutionProperties) = preSolution
		HideSolutionNode = FALSE
	EndGlobalSection
	GlobalSection(ExtensibilityGlobals) = postSolution
		SolutionGuid = {674530A5-2B51-4144-9410-BE03C9B67DA5}
	EndGlobalSection
EndGlobal
